
Microsoft Visual Studio Solution File, Format Version 12.00
# Visual Studio 15
VisualStudioVersion = 15.0.27428.2043
MinimumVisualStudioVersion = 10.0.40219.1
Project("{FAE04EC0-301F-11D3-BF4B-00C04F79EFBC}") = "RestApi", "RestApi\RestApi.csproj", "{18109820-69A7-45A1-A135-CB294E5817BC}"
EndProject
Global
	GlobalSection(SolutionConfigurationPlatforms) = preSolution
		Debug|Any CPU = Debug|Any CPU
		Release|Any CPU = Release|Any CPU
	EndGlobalSection
	GlobalSection(ProjectConfigurationPlatforms) = postSolution
		{18109820-69A7-45A1-A135-CB294E5817BC}.Debug|Any CPU.ActiveCfg = Debug|Any CPU
		{18109820-69A7-45A1-A135-CB294E5817BC}.Debug|Any CPU.Build.0 = Debug|Any CPU
		{18109820-69A7-45A1-A135-CB294E5817BC}.Release|Any CPU.ActiveCfg = Release|Any CPU
		{18109820-69A7-45A1-A135-CB294E5817BC}.Release|Any CPU.Build.0 = Release|Any CPU
	EndGlobalSection
	GlobalSection(SolutionProperties) = preSolution
		HideSolutionNode = FALSE
	EndGlobalSection
	GlobalSection(ExtensibilityGlobals) = postSolution
		SolutionGuid = {01133758-81FD-4900-A1E4-BF6284972BD8}
	EndGlobalSection
EndGlobal
